
Microsoft Visual Studio Solution File, Format Version 12.00
# Visual Studio Version 17
VisualStudioVersion = 17.2.32526.322
MinimumVisualStudioVersion = 10.0.40219.1
Project("{FAE04EC0-301F-11D3-BF4B-00C04F79EFBC}") = "MEKB_H0_Anlage", "MEKB_H0_Anlage\MEKB_H0_Anlage.csproj", "{6BD4CB19-8EA5-4D6B-B4CA-8709A93DD80E}"
EndProject
Global
	GlobalSection(SolutionConfigurationPlatforms) = preSolution
		Debug|Any CPU = Debug|Any CPU
		Debug|x64 = Debug|x64
		Release|Any CPU = Release|Any CPU
		Release|x64 = Release|x64
	EndGlobalSection
	GlobalSection(ProjectConfigurationPlatforms) = postSolution
		{6BD4CB19-8EA5-4D6B-B4CA-8709A93DD80E}.Debug|Any CPU.ActiveCfg = Debug|Any CPU
		{6BD4CB19-8EA5-4D6B-B4CA-8709A93DD80E}.Debug|Any CPU.Build.0 = Debug|Any CPU
		{6BD4CB19-8EA5-4D6B-B4CA-8709A93DD80E}.Debug|x64.ActiveCfg = Debug|x64
		{6BD4CB19-8EA5-4D6B-B4CA-8709A93DD80E}.Debug|x64.Build.0 = Debug|x64
		{6BD4CB19-8EA5-4D6B-B4CA-8709A93DD80E}.Release|Any CPU.ActiveCfg = Debug|Any CPU
		{6BD4CB19-8EA5-4D6B-B4CA-8709A93DD80E}.Release|Any CPU.Build.0 = Debug|Any CPU
		{6BD4CB19-8EA5-4D6B-B4CA-8709A93DD80E}.Release|x64.ActiveCfg = Release|x64
		{6BD4CB19-8EA5-4D6B-B4CA-8709A93DD80E}.Release|x64.Build.0 = Release|x64
	EndGlobalSection
	GlobalSection(SolutionProperties) = preSolution
		HideSolutionNode = FALSE
	EndGlobalSection
	GlobalSection(ExtensibilityGlobals) = postSolution
		SolutionGuid = {29E3B629-B5F6-459C-8F72-7AECC83C63AA}
	EndGlobalSection
EndGlobal
